
Microsoft Visual Studio Solution File, Format Version 12.00
# Visual Studio Version 17
VisualStudioVersion = 17.5.33530.505
MinimumVisualStudioVersion = 10.0.40219.1
Project("{2150E333-8FDC-42A3-9474-1A3956D46DE8}") = "Web", "Web", "{C312CE88-59BB-43AB-BDF5-1FDDCC35B60B}"
EndProject
Project("{2150E333-8FDC-42A3-9474-1A3956D46DE8}") = "Api", "Api", "{252BA063-CD88-455E-8A9C-85702E11D072}"
EndProject
Project("{2150E333-8FDC-42A3-9474-1A3956D46DE8}") = "BoilerSales", "BoilerSales", "{3012B14B-C9DD-46B5-AF35-2BDD9CBE3EEC}"
EndProject
Project("{2150E333-8FDC-42A3-9474-1A3956D46DE8}") = "Configuration", "Configuration", "{2C103154-4CB1-4DA9-A99C-3A2497B55C75}"
EndProject
Project("{2150E333-8FDC-42A3-9474-1A3956D46DE8}") = "CreditLedger", "CreditLedger", "{ACD4A445-CA99-44C9-930E-9D3CB9A8EFC3}"
EndProject
Project("{2150E333-8FDC-42A3-9474-1A3956D46DE8}") = "Identity", "Identity", "{DA5415BA-C31D-4468-A02D-3132B36D2468}"
EndProject
Project("{2150E333-8FDC-42A3-9474-1A3956D46DE8}") = "Obligation", "Obligation", "{42EC61BD-F395-4804-A4AE-2CB43993937C}"
EndProject
Project("{9A19103F-16F7-4668-BE54-9A1E7A4F7556}") = "Desnz.Chmm.BoilerSales.Api", "src\Api\BoilerSales\Desnz.Chmm.BoilerSales.Api\Desnz.Chmm.BoilerSales.Api.csproj", "{05440014-3CEA-4A0A-9D84-7083026BD18F}"
EndProject
Project("{9A19103F-16F7-4668-BE54-9A1E7A4F7556}") = "Desnz.Chmm.CreditLedger.Api", "src\Api\CreditLedger\Desnz.Chmm.CreditLedger.Api\Desnz.Chmm.CreditLedger.Api.csproj", "{00FEF599-412A-4AAD-ABC5-87F7EC0D180F}"
EndProject
Project("{9A19103F-16F7-4668-BE54-9A1E7A4F7556}") = "Desnz.Chmm.Identity.Api", "src\Api\Identity\Desnz.Chmm.Identity.Api\Desnz.Chmm.Identity.Api.csproj", "{0187F9E7-9DE2-4971-99A4-8CB0296E4E60}"
EndProject
Project("{9A19103F-16F7-4668-BE54-9A1E7A4F7556}") = "Desnz.Chmm.Obligation.Api", "src\Api\Obligation\Desnz.Chmm.Obligation.Api\Desnz.Chmm.Obligation.Api.csproj", "{AFB91A62-C034-49D0-ACD7-F6535C0A93A3}"
EndProject
Project("{2150E333-8FDC-42A3-9474-1A3956D46DE8}") = "App", "App", "{E4636B58-9BA0-48A4-9F0E-B9199B7D9672}"
EndProject
Project("{2150E333-8FDC-42A3-9474-1A3956D46DE8}") = "McsSynchronisation", "McsSynchronisation", "{8283AD31-67E7-4996-8657-85C76B4190F3}"
EndProject
Project("{2150E333-8FDC-42A3-9474-1A3956D46DE8}") = "src", "src", "{F9608AD3-CB7E-4A86-8D9F-2ADB9663ADB4}"
EndProject
Project("{2150E333-8FDC-42A3-9474-1A3956D46DE8}") = "Common", "Common", "{FBDB2AE0-D0C5-4A51-84DC-03290C6FF25E}"
EndProject
Project("{9A19103F-16F7-4668-BE54-9A1E7A4F7556}") = "Desnz.Chmm.Common", "src\Common\Desnz.Chmm.Common\Desnz.Chmm.Common.csproj", "{979EB0C8-E958-49B0-837C-70FA4E037F3E}"
EndProject
Project("{9A19103F-16F7-4668-BE54-9A1E7A4F7556}") = "Desnz.Chmm.Common.Tests", "src\Common\Desnz.Chmm.Common.Tests\Desnz.Chmm.Common.Tests.csproj", "{9C946BCE-5D56-46C7-BE67-EB39C054C2E1}"
EndProject
Project("{9A19103F-16F7-4668-BE54-9A1E7A4F7556}") = "Desnz.Chmm.BoilerSales.Common", "src\Api\BoilerSales\Desnz.Chmm.BoilerSales.Common\Desnz.Chmm.BoilerSales.Common.csproj", "{43493D6B-23FE-4160-A346-4B98C524521B}"
EndProject
Project("{9A19103F-16F7-4668-BE54-9A1E7A4F7556}") = "Desnz.Chmm.CreditLedger.Common", "src\Api\CreditLedger\Desnz.Chmm.CreditLedger.Common\Desnz.Chmm.CreditLedger.Common.csproj", "{152E87AE-82FF-4431-8FF1-D32FDAAEEBF9}"
EndProject
Project("{9A19103F-16F7-4668-BE54-9A1E7A4F7556}") = "Desnz.Chmm.Identity.Common", "src\Api\Identity\Desnz.Chmm.Identity.Common\Desnz.Chmm.Identity.Common.csproj", "{5318EF73-41EC-46AA-88A4-4DAB58470B54}"
EndProject
Project("{9A19103F-16F7-4668-BE54-9A1E7A4F7556}") = "Desnz.Chmm.Obligation.Common", "src\Api\Obligation\Desnz.Chmm.Obligation.Common\Desnz.Chmm.Obligation.Common.csproj", "{EEB11D94-1C04-498C-897C-AA84C26D2C35}"
	ProjectSection(ProjectDependencies) = postProject
		{979EB0C8-E958-49B0-837C-70FA4E037F3E} = {979EB0C8-E958-49B0-837C-70FA4E037F3E}
	EndProjectSection
EndProject
Project("{2150E333-8FDC-42A3-9474-1A3956D46DE8}") = "utilities", "utilities", "{1D6631C9-992E-4E64-AEE1-84ABA4719F1D}"
EndProject
Project("{9A19103F-16F7-4668-BE54-9A1E7A4F7556}") = "Desnz.Chmm.ApiClients", "src\Common\Desnz.Chmm.ApiClients\Desnz.Chmm.ApiClients.csproj", "{88076AAA-2F6C-45EF-8E0A-692FB977E7BF}"
EndProject
Project("{9A19103F-16F7-4668-BE54-9A1E7A4F7556}") = "Desnz.Chmm.Web", "src\Web\Desnz.Chmm.Web\Desnz.Chmm.Web.csproj", "{E194CCE1-9359-46BF-8EFE-BC309CE0E901}"
EndProject
Project("{9A19103F-16F7-4668-BE54-9A1E7A4F7556}") = "Desnz.Chmm.Identity.ApiTests", "src\Api\Identity\Desnz.Chmm.Identity.ApiTests\Desnz.Chmm.Identity.ApiTests.csproj", "{F9B4281D-EAAC-46CA-98A4-5D85AB22CFA0}"
EndProject
Project("{9A19103F-16F7-4668-BE54-9A1E7A4F7556}") = "Desnz.Chmm.Identity.UnitTests", "src\Api\Identity\Desnz.Chmm.Identity.UnitTests\Desnz.Chmm.Identity.UnitTests.csproj", "{1CDC4524-4969-4375-A60B-B4406F26259B}"
EndProject
Project("{9A19103F-16F7-4668-BE54-9A1E7A4F7556}") = "Desnz.Chmm.Testing.Common", "src\Common\Desnz.Chmm.Testing.Common\Desnz.Chmm.Testing.Common.csproj", "{62E2112A-B7B7-4E21-86FA-8ECD2DC5F348}"
EndProject
Project("{9A19103F-16F7-4668-BE54-9A1E7A4F7556}") = "Desnz.Chmm.ApiClients.Tests", "src\Common\Desnz.Chmm.ApiClients.Tests\Desnz.Chmm.ApiClients.Tests.csproj", "{0B72B169-B104-4D93-9D99-EA3788D4CDCE}"
EndProject
Project("{9A19103F-16F7-4668-BE54-9A1E7A4F7556}") = "Desnz.Chmm.Aws.Tests", "utilities\Desnz.Chmm.Aws.Tests\Desnz.Chmm.Aws.Tests.csproj", "{8C8C5491-1022-4D65-AFEC-765906B14D7D}"
EndProject
Project("{9A19103F-16F7-4668-BE54-9A1E7A4F7556}") = "Desnz.Chmm.BoilerSales.UnitTests", "src\Api\BoilerSales\Desnz.Chmm.BoilerSales.UnitTests\Desnz.Chmm.BoilerSales.UnitTests.csproj", "{EACA20F7-F8DD-4B15-AE93-41A0C6523731}"
EndProject
Project("{9A19103F-16F7-4668-BE54-9A1E7A4F7556}") = "Desnz.Chmm.BoilerSales.ApiTests", "src\Api\BoilerSales\Desnz.Chmm.BoilerSales.ApiTests\Desnz.Chmm.BoilerSales.ApiTests.csproj", "{EF65EA5B-A75F-4583-BFAF-54D60CA2CBCF}"
EndProject
Project("{9A19103F-16F7-4668-BE54-9A1E7A4F7556}") = "Desnz.Chmm.CreditLedger.ApiTests", "src\Api\CreditLedger\Desnz.Chmm.CreditLedger.ApiTests\Desnz.Chmm.CreditLedger.ApiTests.csproj", "{71D72B17-8184-4789-A01D-DB9F51AB8C20}"
EndProject
Project("{9A19103F-16F7-4668-BE54-9A1E7A4F7556}") = "Desnz.Chmm.CreditLedger.UnitTests", "src\Api\CreditLedger\Desnz.Chmm.CreditLedger.UnitTests\Desnz.Chmm.CreditLedger.UnitTests.csproj", "{27FD01BB-D64F-4606-9BD6-BC301F835B6F}"
EndProject
Project("{9A19103F-16F7-4668-BE54-9A1E7A4F7556}") = "Desnz.Chmm.Obligation.ApiTests", "src\Api\Obligation\Desnz.Chmm.Obligation.ApiTests\Desnz.Chmm.Obligation.ApiTests.csproj", "{BA0C14D6-9B83-44F5-8CC5-FBAC16D35B34}"
EndProject
Project("{9A19103F-16F7-4668-BE54-9A1E7A4F7556}") = "Desnz.Chmm.Obligation.UnitTests", "src\Api\Obligation\Desnz.Chmm.Obligation.UnitTests\Desnz.Chmm.Obligation.UnitTests.csproj", "{2C30C222-08F0-4BF3-B150-ECDEF6DFE818}"
EndProject
Project("{9A19103F-16F7-4668-BE54-9A1E7A4F7556}") = "Desnz.Chmm.McsSynchronisation.Common", "src\App\McsSynchronisation\Desnz.Chmm.McsSynchronisation.Common\Desnz.Chmm.McsSynchronisation.Common.csproj", "{D66960A1-4B66-4AD9-92CC-81ED3CCC7F19}"
EndProject
Project("{9A19103F-16F7-4668-BE54-9A1E7A4F7556}") = "Desnz.Chmm.McsSynchronisation.Api", "src\App\McsSynchronisation\Desnz.Chmm.McsSynchronisation.Api\Desnz.Chmm.McsSynchronisation.Api.csproj", "{78491FD2-784B-4364-8946-5E570AB8D021}"
EndProject
Project("{9A19103F-16F7-4668-BE54-9A1E7A4F7556}") = "Desnz.Chmm.McsSynchronisation.ApiTests", "src\App\McsSynchronisation\Desnz.Chmm.McsSynchronisation.ApiTests\Desnz.Chmm.McsSynchronisation.ApiTests.csproj", "{E907D560-1EC3-47A4-9A27-BB6BB1E996C4}"
EndProject
Project("{9A19103F-16F7-4668-BE54-9A1E7A4F7556}") = "Desnz.Chmm.McsSynchronisation.UnitTests", "src\App\McsSynchronisation\Desnz.Chmm.McsSynchronisation.UnitTests\Desnz.Chmm.McsSynchronisation.UnitTests.csproj", "{9A559779-B217-4FC4-BD86-6C168C1B5519}"
EndProject
Project("{2150E333-8FDC-42A3-9474-1A3956D46DE8}") = "SystemAudit", "SystemAudit", "{9998B87B-FD14-45CA-AE69-63A220B793D3}"
EndProject
Project("{2150E333-8FDC-42A3-9474-1A3956D46DE8}") = "Notes", "Notes", "{B4D08AD0-9872-4B41-9571-C4A381F27576}"
EndProject
Project("{9A19103F-16F7-4668-BE54-9A1E7A4F7556}") = "Desnz.Chmm.Notes.Api", "src\Api\Notes\Desnz.Chmm.Notes.Api\Desnz.Chmm.Notes.Api.csproj", "{9F5014D7-891A-4F19-BB22-054386479B0F}"
EndProject
Project("{9A19103F-16F7-4668-BE54-9A1E7A4F7556}") = "Desnz.Chmm.Notes.ApiTests", "src\Api\Notes\Desnz.Chmm.Notes.ApiTests\Desnz.Chmm.Notes.ApiTests.csproj", "{6F1E1DE1-FC5C-4CDF-B80F-F0EA5ABDF7F2}"
EndProject
Project("{9A19103F-16F7-4668-BE54-9A1E7A4F7556}") = "Desnz.Chmm.Notes.Common", "src\Api\Notes\Desnz.Chmm.Notes.Common\Desnz.Chmm.Notes.Common.csproj", "{3E61A3F6-D662-4C95-8212-40062F98B8C9}"
EndProject
Project("{9A19103F-16F7-4668-BE54-9A1E7A4F7556}") = "Desnz.Chmm.Notes.UnitTests", "src\Api\Notes\Desnz.Chmm.Notes.UnitTests\Desnz.Chmm.Notes.UnitTests.csproj", "{D27F0DD4-EB89-476C-8F20-36834FCA95CA}"
EndProject
Project("{9A19103F-16F7-4668-BE54-9A1E7A4F7556}") = "Desnz.Chmm.SystemAudit.Api", "src\Api\SystemAudit\Desnz.Chmm.SystemAudit.Api\Desnz.Chmm.SystemAudit.Api.csproj", "{2AF25239-9CB9-4B0D-858F-9FAF39BDD354}"
EndProject
Project("{9A19103F-16F7-4668-BE54-9A1E7A4F7556}") = "Desnz.Chmm.SystemAudit.ApiTests", "src\Api\SystemAudit\Desnz.Chmm.SystemAudit.ApiTests\Desnz.Chmm.SystemAudit.ApiTests.csproj", "{26132D34-9943-4591-A388-610CAF101DFB}"
EndProject
Project("{9A19103F-16F7-4668-BE54-9A1E7A4F7556}") = "Desnz.Chmm.SystemAudit.Common", "src\Api\SystemAudit\Desnz.Chmm.SystemAudit.Common\Desnz.Chmm.SystemAudit.Common.csproj", "{2BC9D7BB-195A-4FAF-B4D8-5CB156C1B597}"
EndProject
Project("{9A19103F-16F7-4668-BE54-9A1E7A4F7556}") = "Desnz.Chmm.SystemAudit.UnitTests", "src\Api\SystemAudit\Desnz.Chmm.SystemAudit.UnitTests\Desnz.Chmm.SystemAudit.UnitTests.csproj", "{D2D28E5F-F83A-4757-BDB6-422B96BD6852}"
EndProject
Project("{9A19103F-16F7-4668-BE54-9A1E7A4F7556}") = "Desnz.Chmm.Configuration.Api", "src\Api\Configuration\Desnz.Chmm.Configuration.Api\Desnz.Chmm.Configuration.Api.csproj", "{D9DE02C7-4DA8-4BF1-B70D-81D05BB0897C}"
EndProject
Project("{9A19103F-16F7-4668-BE54-9A1E7A4F7556}") = "Desnz.Chmm.Configuration.ApiTests", "src\Api\Configuration\Desnz.Chmm.Configuration.ApiTests\Desnz.Chmm.Configuration.ApiTests.csproj", "{77458B13-9C44-4907-92C1-434530175F2B}"
EndProject
Project("{9A19103F-16F7-4668-BE54-9A1E7A4F7556}") = "Desnz.Chmm.Configuration.Common", "src\Api\Configuration\Desnz.Chmm.Configuration.Common\Desnz.Chmm.Configuration.Common.csproj", "{CC1BEFBD-BDB1-432E-870F-87B46806A389}"
EndProject
Project("{9A19103F-16F7-4668-BE54-9A1E7A4F7556}") = "Desnz.Chmm.Configuration.UnitTests", "src\Api\Configuration\Desnz.Chmm.Configuration.UnitTests\Desnz.Chmm.Configuration.UnitTests.csproj", "{47A73F34-8C6D-4F5F-9C0F-D52B9A7CB4E2}"
EndProject
Project("{2150E333-8FDC-42A3-9474-1A3956D46DE8}") = "YearEnd", "YearEnd", "{6D91833C-2D72-4D0A-844B-A8EEDD3F6016}"
EndProject
Project("{9A19103F-16F7-4668-BE54-9A1E7A4F7556}") = "Desnz.Chmm.YearEnd.Api", "src\App\YearEnd\Desnz.Chmm.YearEnd.Api\Desnz.Chmm.YearEnd.Api.csproj", "{7A885EE6-DF59-4404-9559-BA5148875920}"
EndProject
Project("{9A19103F-16F7-4668-BE54-9A1E7A4F7556}") = "Desnz.Chmm.YearEnd.ApiTests", "src\App\YearEnd\Desnz.Chmm.YearEnd.ApiTests\Desnz.Chmm.YearEnd.ApiTests.csproj", "{BE4368A7-45A3-47B4-990F-369359E838AE}"
EndProject
Project("{9A19103F-16F7-4668-BE54-9A1E7A4F7556}") = "Desnz.Chmm.YearEnd.Common", "src\App\YearEnd\Desnz.Chmm.YearEnd.Common\Desnz.Chmm.YearEnd.Common.csproj", "{DF81F6EA-CE39-4F78-ABD7-927A0CB3431C}"
EndProject
Project("{9A19103F-16F7-4668-BE54-9A1E7A4F7556}") = "Desnz.Chmm.YearEnd.UnitTests", "src\App\YearEnd\Desnz.Chmm.YearEnd.UnitTests\Desnz.Chmm.YearEnd.UnitTests.csproj", "{2DF95DDE-3E81-4A4B-B158-1C77A428FC87}"
EndProject
Project("{9A19103F-16F7-4668-BE54-9A1E7A4F7556}") = "Desnz.Chmm.CommonValidation", "src\Common\Desnz.Chmm.CommonValidation\Desnz.Chmm.CommonValidation.csproj", "{F05061A4-AB9E-4A8B-861C-A3DB8FBC46D9}"
EndProject
Global
	GlobalSection(SolutionConfigurationPlatforms) = preSolution
		Debug|Any CPU = Debug|Any CPU
		Release|Any CPU = Release|Any CPU
	EndGlobalSection
	GlobalSection(ProjectConfigurationPlatforms) = postSolution
		{05440014-3CEA-4A0A-9D84-7083026BD18F}.Debug|Any CPU.ActiveCfg = Debug|Any CPU
		{05440014-3CEA-4A0A-9D84-7083026BD18F}.Debug|Any CPU.Build.0 = Debug|Any CPU
		{05440014-3CEA-4A0A-9D84-7083026BD18F}.Release|Any CPU.ActiveCfg = Release|Any CPU
		{05440014-3CEA-4A0A-9D84-7083026BD18F}.Release|Any CPU.Build.0 = Release|Any CPU
		{00FEF599-412A-4AAD-ABC5-87F7EC0D180F}.Debug|Any CPU.ActiveCfg = Debug|Any CPU
		{00FEF599-412A-4AAD-ABC5-87F7EC0D180F}.Debug|Any CPU.Build.0 = Debug|Any CPU
		{00FEF599-412A-4AAD-ABC5-87F7EC0D180F}.Release|Any CPU.ActiveCfg = Release|Any CPU
		{00FEF599-412A-4AAD-ABC5-87F7EC0D180F}.Release|Any CPU.Build.0 = Release|Any CPU
		{0187F9E7-9DE2-4971-99A4-8CB0296E4E60}.Debug|Any CPU.ActiveCfg = Debug|Any CPU
		{0187F9E7-9DE2-4971-99A4-8CB0296E4E60}.Debug|Any CPU.Build.0 = Debug|Any CPU
		{0187F9E7-9DE2-4971-99A4-8CB0296E4E60}.Release|Any CPU.ActiveCfg = Release|Any CPU
		{0187F9E7-9DE2-4971-99A4-8CB0296E4E60}.Release|Any CPU.Build.0 = Release|Any CPU
		{AFB91A62-C034-49D0-ACD7-F6535C0A93A3}.Debug|Any CPU.ActiveCfg = Debug|Any CPU
		{AFB91A62-C034-49D0-ACD7-F6535C0A93A3}.Debug|Any CPU.Build.0 = Debug|Any CPU
		{AFB91A62-C034-49D0-ACD7-F6535C0A93A3}.Release|Any CPU.ActiveCfg = Release|Any CPU
		{AFB91A62-C034-49D0-ACD7-F6535C0A93A3}.Release|Any CPU.Build.0 = Release|Any CPU
		{979EB0C8-E958-49B0-837C-70FA4E037F3E}.Debug|Any CPU.ActiveCfg = Debug|Any CPU
		{979EB0C8-E958-49B0-837C-70FA4E037F3E}.Debug|Any CPU.Build.0 = Debug|Any CPU
		{979EB0C8-E958-49B0-837C-70FA4E037F3E}.Release|Any CPU.ActiveCfg = Release|Any CPU
		{979EB0C8-E958-49B0-837C-70FA4E037F3E}.Release|Any CPU.Build.0 = Release|Any CPU
		{9C946BCE-5D56-46C7-BE67-EB39C054C2E1}.Debug|Any CPU.ActiveCfg = Debug|Any CPU
		{9C946BCE-5D56-46C7-BE67-EB39C054C2E1}.Debug|Any CPU.Build.0 = Debug|Any CPU
		{9C946BCE-5D56-46C7-BE67-EB39C054C2E1}.Release|Any CPU.ActiveCfg = Release|Any CPU
		{9C946BCE-5D56-46C7-BE67-EB39C054C2E1}.Release|Any CPU.Build.0 = Release|Any CPU
		{43493D6B-23FE-4160-A346-4B98C524521B}.Debug|Any CPU.ActiveCfg = Debug|Any CPU
		{43493D6B-23FE-4160-A346-4B98C524521B}.Debug|Any CPU.Build.0 = Debug|Any CPU
		{43493D6B-23FE-4160-A346-4B98C524521B}.Release|Any CPU.ActiveCfg = Release|Any CPU
		{43493D6B-23FE-4160-A346-4B98C524521B}.Release|Any CPU.Build.0 = Release|Any CPU
		{152E87AE-82FF-4431-8FF1-D32FDAAEEBF9}.Debug|Any CPU.ActiveCfg = Debug|Any CPU
		{152E87AE-82FF-4431-8FF1-D32FDAAEEBF9}.Debug|Any CPU.Build.0 = Debug|Any CPU
		{152E87AE-82FF-4431-8FF1-D32FDAAEEBF9}.Release|Any CPU.ActiveCfg = Release|Any CPU
		{152E87AE-82FF-4431-8FF1-D32FDAAEEBF9}.Release|Any CPU.Build.0 = Release|Any CPU
		{5318EF73-41EC-46AA-88A4-4DAB58470B54}.Debug|Any CPU.ActiveCfg = Debug|Any CPU
		{5318EF73-41EC-46AA-88A4-4DAB58470B54}.Debug|Any CPU.Build.0 = Debug|Any CPU
		{5318EF73-41EC-46AA-88A4-4DAB58470B54}.Release|Any CPU.ActiveCfg = Release|Any CPU
		{5318EF73-41EC-46AA-88A4-4DAB58470B54}.Release|Any CPU.Build.0 = Release|Any CPU
		{EEB11D94-1C04-498C-897C-AA84C26D2C35}.Debug|Any CPU.ActiveCfg = Debug|Any CPU
		{EEB11D94-1C04-498C-897C-AA84C26D2C35}.Debug|Any CPU.Build.0 = Debug|Any CPU
		{EEB11D94-1C04-498C-897C-AA84C26D2C35}.Release|Any CPU.ActiveCfg = Release|Any CPU
		{EEB11D94-1C04-498C-897C-AA84C26D2C35}.Release|Any CPU.Build.0 = Release|Any CPU
		{88076AAA-2F6C-45EF-8E0A-692FB977E7BF}.Debug|Any CPU.ActiveCfg = Debug|Any CPU
		{88076AAA-2F6C-45EF-8E0A-692FB977E7BF}.Debug|Any CPU.Build.0 = Debug|Any CPU
		{88076AAA-2F6C-45EF-8E0A-692FB977E7BF}.Release|Any CPU.ActiveCfg = Release|Any CPU
		{88076AAA-2F6C-45EF-8E0A-692FB977E7BF}.Release|Any CPU.Build.0 = Release|Any CPU
		{E194CCE1-9359-46BF-8EFE-BC309CE0E901}.Debug|Any CPU.ActiveCfg = Debug|Any CPU
		{E194CCE1-9359-46BF-8EFE-BC309CE0E901}.Debug|Any CPU.Build.0 = Debug|Any CPU
		{E194CCE1-9359-46BF-8EFE-BC309CE0E901}.Release|Any CPU.ActiveCfg = Release|Any CPU
		{E194CCE1-9359-46BF-8EFE-BC309CE0E901}.Release|Any CPU.Build.0 = Release|Any CPU
		{F9B4281D-EAAC-46CA-98A4-5D85AB22CFA0}.Debug|Any CPU.ActiveCfg = Debug|Any CPU
		{F9B4281D-EAAC-46CA-98A4-5D85AB22CFA0}.Debug|Any CPU.Build.0 = Debug|Any CPU
		{F9B4281D-EAAC-46CA-98A4-5D85AB22CFA0}.Release|Any CPU.ActiveCfg = Release|Any CPU
		{F9B4281D-EAAC-46CA-98A4-5D85AB22CFA0}.Release|Any CPU.Build.0 = Release|Any CPU
		{1CDC4524-4969-4375-A60B-B4406F26259B}.Debug|Any CPU.ActiveCfg = Debug|Any CPU
		{1CDC4524-4969-4375-A60B-B4406F26259B}.Debug|Any CPU.Build.0 = Debug|Any CPU
		{1CDC4524-4969-4375-A60B-B4406F26259B}.Release|Any CPU.ActiveCfg = Release|Any CPU
		{1CDC4524-4969-4375-A60B-B4406F26259B}.Release|Any CPU.Build.0 = Release|Any CPU
		{62E2112A-B7B7-4E21-86FA-8ECD2DC5F348}.Debug|Any CPU.ActiveCfg = Debug|Any CPU
		{62E2112A-B7B7-4E21-86FA-8ECD2DC5F348}.Debug|Any CPU.Build.0 = Debug|Any CPU
		{62E2112A-B7B7-4E21-86FA-8ECD2DC5F348}.Release|Any CPU.ActiveCfg = Release|Any CPU
		{62E2112A-B7B7-4E21-86FA-8ECD2DC5F348}.Release|Any CPU.Build.0 = Release|Any CPU
		{0B72B169-B104-4D93-9D99-EA3788D4CDCE}.Debug|Any CPU.ActiveCfg = Debug|Any CPU
		{0B72B169-B104-4D93-9D99-EA3788D4CDCE}.Debug|Any CPU.Build.0 = Debug|Any CPU
		{0B72B169-B104-4D93-9D99-EA3788D4CDCE}.Release|Any CPU.ActiveCfg = Release|Any CPU
		{0B72B169-B104-4D93-9D99-EA3788D4CDCE}.Release|Any CPU.Build.0 = Release|Any CPU
		{8C8C5491-1022-4D65-AFEC-765906B14D7D}.Debug|Any CPU.ActiveCfg = Debug|Any CPU
		{8C8C5491-1022-4D65-AFEC-765906B14D7D}.Debug|Any CPU.Build.0 = Debug|Any CPU
		{8C8C5491-1022-4D65-AFEC-765906B14D7D}.Release|Any CPU.ActiveCfg = Release|Any CPU
		{8C8C5491-1022-4D65-AFEC-765906B14D7D}.Release|Any CPU.Build.0 = Release|Any CPU
		{EACA20F7-F8DD-4B15-AE93-41A0C6523731}.Debug|Any CPU.ActiveCfg = Debug|Any CPU
		{EACA20F7-F8DD-4B15-AE93-41A0C6523731}.Debug|Any CPU.Build.0 = Debug|Any CPU
		{EACA20F7-F8DD-4B15-AE93-41A0C6523731}.Release|Any CPU.ActiveCfg = Release|Any CPU
		{EACA20F7-F8DD-4B15-AE93-41A0C6523731}.Release|Any CPU.Build.0 = Release|Any CPU
		{EF65EA5B-A75F-4583-BFAF-54D60CA2CBCF}.Debug|Any CPU.ActiveCfg = Debug|Any CPU
		{EF65EA5B-A75F-4583-BFAF-54D60CA2CBCF}.Debug|Any CPU.Build.0 = Debug|Any CPU
		{EF65EA5B-A75F-4583-BFAF-54D60CA2CBCF}.Release|Any CPU.ActiveCfg = Release|Any CPU
		{EF65EA5B-A75F-4583-BFAF-54D60CA2CBCF}.Release|Any CPU.Build.0 = Release|Any CPU
		{71D72B17-8184-4789-A01D-DB9F51AB8C20}.Debug|Any CPU.ActiveCfg = Debug|Any CPU
		{71D72B17-8184-4789-A01D-DB9F51AB8C20}.Debug|Any CPU.Build.0 = Debug|Any CPU
		{71D72B17-8184-4789-A01D-DB9F51AB8C20}.Release|Any CPU.ActiveCfg = Release|Any CPU
		{71D72B17-8184-4789-A01D-DB9F51AB8C20}.Release|Any CPU.Build.0 = Release|Any CPU
		{27FD01BB-D64F-4606-9BD6-BC301F835B6F}.Debug|Any CPU.ActiveCfg = Debug|Any CPU
		{27FD01BB-D64F-4606-9BD6-BC301F835B6F}.Debug|Any CPU.Build.0 = Debug|Any CPU
		{27FD01BB-D64F-4606-9BD6-BC301F835B6F}.Release|Any CPU.ActiveCfg = Release|Any CPU
		{27FD01BB-D64F-4606-9BD6-BC301F835B6F}.Release|Any CPU.Build.0 = Release|Any CPU
		{BA0C14D6-9B83-44F5-8CC5-FBAC16D35B34}.Debug|Any CPU.ActiveCfg = Debug|Any CPU
		{BA0C14D6-9B83-44F5-8CC5-FBAC16D35B34}.Debug|Any CPU.Build.0 = Debug|Any CPU
		{BA0C14D6-9B83-44F5-8CC5-FBAC16D35B34}.Release|Any CPU.ActiveCfg = Release|Any CPU
		{BA0C14D6-9B83-44F5-8CC5-FBAC16D35B34}.Release|Any CPU.Build.0 = Release|Any CPU
		{2C30C222-08F0-4BF3-B150-ECDEF6DFE818}.Debug|Any CPU.ActiveCfg = Debug|Any CPU
		{2C30C222-08F0-4BF3-B150-ECDEF6DFE818}.Debug|Any CPU.Build.0 = Debug|Any CPU
		{2C30C222-08F0-4BF3-B150-ECDEF6DFE818}.Release|Any CPU.ActiveCfg = Release|Any CPU
		{2C30C222-08F0-4BF3-B150-ECDEF6DFE818}.Release|Any CPU.Build.0 = Release|Any CPU
		{D66960A1-4B66-4AD9-92CC-81ED3CCC7F19}.Debug|Any CPU.ActiveCfg = Debug|Any CPU
		{D66960A1-4B66-4AD9-92CC-81ED3CCC7F19}.Debug|Any CPU.Build.0 = Debug|Any CPU
		{D66960A1-4B66-4AD9-92CC-81ED3CCC7F19}.Release|Any CPU.ActiveCfg = Release|Any CPU
		{D66960A1-4B66-4AD9-92CC-81ED3CCC7F19}.Release|Any CPU.Build.0 = Release|Any CPU
		{78491FD2-784B-4364-8946-5E570AB8D021}.Debug|Any CPU.ActiveCfg = Debug|Any CPU
		{78491FD2-784B-4364-8946-5E570AB8D021}.Debug|Any CPU.Build.0 = Debug|Any CPU
		{78491FD2-784B-4364-8946-5E570AB8D021}.Release|Any CPU.ActiveCfg = Release|Any CPU
		{78491FD2-784B-4364-8946-5E570AB8D021}.Release|Any CPU.Build.0 = Release|Any CPU
		{E907D560-1EC3-47A4-9A27-BB6BB1E996C4}.Debug|Any CPU.ActiveCfg = Debug|Any CPU
		{E907D560-1EC3-47A4-9A27-BB6BB1E996C4}.Debug|Any CPU.Build.0 = Debug|Any CPU
		{E907D560-1EC3-47A4-9A27-BB6BB1E996C4}.Release|Any CPU.ActiveCfg = Release|Any CPU
		{E907D560-1EC3-47A4-9A27-BB6BB1E996C4}.Release|Any CPU.Build.0 = Release|Any CPU
		{9A559779-B217-4FC4-BD86-6C168C1B5519}.Debug|Any CPU.ActiveCfg = Debug|Any CPU
		{9A559779-B217-4FC4-BD86-6C168C1B5519}.Debug|Any CPU.Build.0 = Debug|Any CPU
		{9A559779-B217-4FC4-BD86-6C168C1B5519}.Release|Any CPU.ActiveCfg = Release|Any CPU
		{9A559779-B217-4FC4-BD86-6C168C1B5519}.Release|Any CPU.Build.0 = Release|Any CPU
		{9F5014D7-891A-4F19-BB22-054386479B0F}.Debug|Any CPU.ActiveCfg = Debug|Any CPU
		{9F5014D7-891A-4F19-BB22-054386479B0F}.Debug|Any CPU.Build.0 = Debug|Any CPU
		{9F5014D7-891A-4F19-BB22-054386479B0F}.Release|Any CPU.ActiveCfg = Release|Any CPU
		{9F5014D7-891A-4F19-BB22-054386479B0F}.Release|Any CPU.Build.0 = Release|Any CPU
		{6F1E1DE1-FC5C-4CDF-B80F-F0EA5ABDF7F2}.Debug|Any CPU.ActiveCfg = Debug|Any CPU
		{6F1E1DE1-FC5C-4CDF-B80F-F0EA5ABDF7F2}.Debug|Any CPU.Build.0 = Debug|Any CPU
		{6F1E1DE1-FC5C-4CDF-B80F-F0EA5ABDF7F2}.Release|Any CPU.ActiveCfg = Release|Any CPU
		{6F1E1DE1-FC5C-4CDF-B80F-F0EA5ABDF7F2}.Release|Any CPU.Build.0 = Release|Any CPU
		{3E61A3F6-D662-4C95-8212-40062F98B8C9}.Debug|Any CPU.ActiveCfg = Debug|Any CPU
		{3E61A3F6-D662-4C95-8212-40062F98B8C9}.Debug|Any CPU.Build.0 = Debug|Any CPU
		{3E61A3F6-D662-4C95-8212-40062F98B8C9}.Release|Any CPU.ActiveCfg = Release|Any CPU
		{3E61A3F6-D662-4C95-8212-40062F98B8C9}.Release|Any CPU.Build.0 = Release|Any CPU
		{D27F0DD4-EB89-476C-8F20-36834FCA95CA}.Debug|Any CPU.ActiveCfg = Debug|Any CPU
		{D27F0DD4-EB89-476C-8F20-36834FCA95CA}.Debug|Any CPU.Build.0 = Debug|Any CPU
		{D27F0DD4-EB89-476C-8F20-36834FCA95CA}.Release|Any CPU.ActiveCfg = Release|Any CPU
		{D27F0DD4-EB89-476C-8F20-36834FCA95CA}.Release|Any CPU.Build.0 = Release|Any CPU
		{2AF25239-9CB9-4B0D-858F-9FAF39BDD354}.Debug|Any CPU.ActiveCfg = Debug|Any CPU
		{2AF25239-9CB9-4B0D-858F-9FAF39BDD354}.Debug|Any CPU.Build.0 = Debug|Any CPU
		{2AF25239-9CB9-4B0D-858F-9FAF39BDD354}.Release|Any CPU.ActiveCfg = Release|Any CPU
		{2AF25239-9CB9-4B0D-858F-9FAF39BDD354}.Release|Any CPU.Build.0 = Release|Any CPU
		{26132D34-9943-4591-A388-610CAF101DFB}.Debug|Any CPU.ActiveCfg = Debug|Any CPU
		{26132D34-9943-4591-A388-610CAF101DFB}.Debug|Any CPU.Build.0 = Debug|Any CPU
		{26132D34-9943-4591-A388-610CAF101DFB}.Release|Any CPU.ActiveCfg = Release|Any CPU
		{26132D34-9943-4591-A388-610CAF101DFB}.Release|Any CPU.Build.0 = Release|Any CPU
		{2BC9D7BB-195A-4FAF-B4D8-5CB156C1B597}.Debug|Any CPU.ActiveCfg = Debug|Any CPU
		{2BC9D7BB-195A-4FAF-B4D8-5CB156C1B597}.Debug|Any CPU.Build.0 = Debug|Any CPU
		{2BC9D7BB-195A-4FAF-B4D8-5CB156C1B597}.Release|Any CPU.ActiveCfg = Release|Any CPU
		{2BC9D7BB-195A-4FAF-B4D8-5CB156C1B597}.Release|Any CPU.Build.0 = Release|Any CPU
		{D2D28E5F-F83A-4757-BDB6-422B96BD6852}.Debug|Any CPU.ActiveCfg = Debug|Any CPU
		{D2D28E5F-F83A-4757-BDB6-422B96BD6852}.Debug|Any CPU.Build.0 = Debug|Any CPU
		{D2D28E5F-F83A-4757-BDB6-422B96BD6852}.Release|Any CPU.ActiveCfg = Release|Any CPU
		{D2D28E5F-F83A-4757-BDB6-422B96BD6852}.Release|Any CPU.Build.0 = Release|Any CPU
		{D9DE02C7-4DA8-4BF1-B70D-81D05BB0897C}.Debug|Any CPU.ActiveCfg = Debug|Any CPU
		{D9DE02C7-4DA8-4BF1-B70D-81D05BB0897C}.Debug|Any CPU.Build.0 = Debug|Any CPU
		{D9DE02C7-4DA8-4BF1-B70D-81D05BB0897C}.Release|Any CPU.ActiveCfg = Release|Any CPU
		{D9DE02C7-4DA8-4BF1-B70D-81D05BB0897C}.Release|Any CPU.Build.0 = Release|Any CPU
		{77458B13-9C44-4907-92C1-434530175F2B}.Debug|Any CPU.ActiveCfg = Debug|Any CPU
		{77458B13-9C44-4907-92C1-434530175F2B}.Debug|Any CPU.Build.0 = Debug|Any CPU
		{77458B13-9C44-4907-92C1-434530175F2B}.Release|Any CPU.ActiveCfg = Release|Any CPU
		{77458B13-9C44-4907-92C1-434530175F2B}.Release|Any CPU.Build.0 = Release|Any CPU
		{CC1BEFBD-BDB1-432E-870F-87B46806A389}.Debug|Any CPU.ActiveCfg = Debug|Any CPU
		{CC1BEFBD-BDB1-432E-870F-87B46806A389}.Debug|Any CPU.Build.0 = Debug|Any CPU
		{CC1BEFBD-BDB1-432E-870F-87B46806A389}.Release|Any CPU.ActiveCfg = Release|Any CPU
		{CC1BEFBD-BDB1-432E-870F-87B46806A389}.Release|Any CPU.Build.0 = Release|Any CPU
		{47A73F34-8C6D-4F5F-9C0F-D52B9A7CB4E2}.Debug|Any CPU.ActiveCfg = Debug|Any CPU
		{47A73F34-8C6D-4F5F-9C0F-D52B9A7CB4E2}.Debug|Any CPU.Build.0 = Debug|Any CPU
		{47A73F34-8C6D-4F5F-9C0F-D52B9A7CB4E2}.Release|Any CPU.ActiveCfg = Release|Any CPU
		{47A73F34-8C6D-4F5F-9C0F-D52B9A7CB4E2}.Release|Any CPU.Build.0 = Release|Any CPU
		{7A885EE6-DF59-4404-9559-BA5148875920}.Debug|Any CPU.ActiveCfg = Debug|Any CPU
		{7A885EE6-DF59-4404-9559-BA5148875920}.Debug|Any CPU.Build.0 = Debug|Any CPU
		{7A885EE6-DF59-4404-9559-BA5148875920}.Release|Any CPU.ActiveCfg = Release|Any CPU
		{7A885EE6-DF59-4404-9559-BA5148875920}.Release|Any CPU.Build.0 = Release|Any CPU
		{BE4368A7-45A3-47B4-990F-369359E838AE}.Debug|Any CPU.ActiveCfg = Debug|Any CPU
		{BE4368A7-45A3-47B4-990F-369359E838AE}.Debug|Any CPU.Build.0 = Debug|Any CPU
		{BE4368A7-45A3-47B4-990F-369359E838AE}.Release|Any CPU.ActiveCfg = Release|Any CPU
		{BE4368A7-45A3-47B4-990F-369359E838AE}.Release|Any CPU.Build.0 = Release|Any CPU
		{DF81F6EA-CE39-4F78-ABD7-927A0CB3431C}.Debug|Any CPU.ActiveCfg = Debug|Any CPU
		{DF81F6EA-CE39-4F78-ABD7-927A0CB3431C}.Debug|Any CPU.Build.0 = Debug|Any CPU
		{DF81F6EA-CE39-4F78-ABD7-927A0CB3431C}.Release|Any CPU.ActiveCfg = Release|Any CPU
		{DF81F6EA-CE39-4F78-ABD7-927A0CB3431C}.Release|Any CPU.Build.0 = Release|Any CPU
		{2DF95DDE-3E81-4A4B-B158-1C77A428FC87}.Debug|Any CPU.ActiveCfg = Debug|Any CPU
		{2DF95DDE-3E81-4A4B-B158-1C77A428FC87}.Debug|Any CPU.Build.0 = Debug|Any CPU
		{2DF95DDE-3E81-4A4B-B158-1C77A428FC87}.Release|Any CPU.ActiveCfg = Release|Any CPU
		{2DF95DDE-3E81-4A4B-B158-1C77A428FC87}.Release|Any CPU.Build.0 = Release|Any CPU
		{F05061A4-AB9E-4A8B-861C-A3DB8FBC46D9}.Debug|Any CPU.ActiveCfg = Debug|Any CPU
		{F05061A4-AB9E-4A8B-861C-A3DB8FBC46D9}.Debug|Any CPU.Build.0 = Debug|Any CPU
		{F05061A4-AB9E-4A8B-861C-A3DB8FBC46D9}.Release|Any CPU.ActiveCfg = Release|Any CPU
		{F05061A4-AB9E-4A8B-861C-A3DB8FBC46D9}.Release|Any CPU.Build.0 = Release|Any CPU
	EndGlobalSection
	GlobalSection(SolutionProperties) = preSolution
		HideSolutionNode = FALSE
	EndGlobalSection
	GlobalSection(NestedProjects) = preSolution
		{C312CE88-59BB-43AB-BDF5-1FDDCC35B60B} = {F9608AD3-CB7E-4A86-8D9F-2ADB9663ADB4}
		{252BA063-CD88-455E-8A9C-85702E11D072} = {F9608AD3-CB7E-4A86-8D9F-2ADB9663ADB4}
		{3012B14B-C9DD-46B5-AF35-2BDD9CBE3EEC} = {252BA063-CD88-455E-8A9C-85702E11D072}
		{2C103154-4CB1-4DA9-A99C-3A2497B55C75} = {252BA063-CD88-455E-8A9C-85702E11D072}
		{ACD4A445-CA99-44C9-930E-9D3CB9A8EFC3} = {252BA063-CD88-455E-8A9C-85702E11D072}
		{DA5415BA-C31D-4468-A02D-3132B36D2468} = {252BA063-CD88-455E-8A9C-85702E11D072}
		{42EC61BD-F395-4804-A4AE-2CB43993937C} = {252BA063-CD88-455E-8A9C-85702E11D072}
		{05440014-3CEA-4A0A-9D84-7083026BD18F} = {3012B14B-C9DD-46B5-AF35-2BDD9CBE3EEC}
		{00FEF599-412A-4AAD-ABC5-87F7EC0D180F} = {ACD4A445-CA99-44C9-930E-9D3CB9A8EFC3}
		{0187F9E7-9DE2-4971-99A4-8CB0296E4E60} = {DA5415BA-C31D-4468-A02D-3132B36D2468}
		{AFB91A62-C034-49D0-ACD7-F6535C0A93A3} = {42EC61BD-F395-4804-A4AE-2CB43993937C}
		{E4636B58-9BA0-48A4-9F0E-B9199B7D9672} = {F9608AD3-CB7E-4A86-8D9F-2ADB9663ADB4}
		{8283AD31-67E7-4996-8657-85C76B4190F3} = {E4636B58-9BA0-48A4-9F0E-B9199B7D9672}
		{FBDB2AE0-D0C5-4A51-84DC-03290C6FF25E} = {F9608AD3-CB7E-4A86-8D9F-2ADB9663ADB4}
		{979EB0C8-E958-49B0-837C-70FA4E037F3E} = {FBDB2AE0-D0C5-4A51-84DC-03290C6FF25E}
		{9C946BCE-5D56-46C7-BE67-EB39C054C2E1} = {FBDB2AE0-D0C5-4A51-84DC-03290C6FF25E}
		{43493D6B-23FE-4160-A346-4B98C524521B} = {3012B14B-C9DD-46B5-AF35-2BDD9CBE3EEC}
		{152E87AE-82FF-4431-8FF1-D32FDAAEEBF9} = {ACD4A445-CA99-44C9-930E-9D3CB9A8EFC3}
		{5318EF73-41EC-46AA-88A4-4DAB58470B54} = {DA5415BA-C31D-4468-A02D-3132B36D2468}
		{EEB11D94-1C04-498C-897C-AA84C26D2C35} = {42EC61BD-F395-4804-A4AE-2CB43993937C}
		{88076AAA-2F6C-45EF-8E0A-692FB977E7BF} = {FBDB2AE0-D0C5-4A51-84DC-03290C6FF25E}
		{E194CCE1-9359-46BF-8EFE-BC309CE0E901} = {C312CE88-59BB-43AB-BDF5-1FDDCC35B60B}
		{F9B4281D-EAAC-46CA-98A4-5D85AB22CFA0} = {DA5415BA-C31D-4468-A02D-3132B36D2468}
		{1CDC4524-4969-4375-A60B-B4406F26259B} = {DA5415BA-C31D-4468-A02D-3132B36D2468}
		{62E2112A-B7B7-4E21-86FA-8ECD2DC5F348} = {FBDB2AE0-D0C5-4A51-84DC-03290C6FF25E}
		{0B72B169-B104-4D93-9D99-EA3788D4CDCE} = {FBDB2AE0-D0C5-4A51-84DC-03290C6FF25E}
		{8C8C5491-1022-4D65-AFEC-765906B14D7D} = {1D6631C9-992E-4E64-AEE1-84ABA4719F1D}
		{EACA20F7-F8DD-4B15-AE93-41A0C6523731} = {3012B14B-C9DD-46B5-AF35-2BDD9CBE3EEC}
		{EF65EA5B-A75F-4583-BFAF-54D60CA2CBCF} = {3012B14B-C9DD-46B5-AF35-2BDD9CBE3EEC}
		{71D72B17-8184-4789-A01D-DB9F51AB8C20} = {ACD4A445-CA99-44C9-930E-9D3CB9A8EFC3}
		{27FD01BB-D64F-4606-9BD6-BC301F835B6F} = {ACD4A445-CA99-44C9-930E-9D3CB9A8EFC3}
		{BA0C14D6-9B83-44F5-8CC5-FBAC16D35B34} = {42EC61BD-F395-4804-A4AE-2CB43993937C}
		{2C30C222-08F0-4BF3-B150-ECDEF6DFE818} = {42EC61BD-F395-4804-A4AE-2CB43993937C}
		{D66960A1-4B66-4AD9-92CC-81ED3CCC7F19} = {8283AD31-67E7-4996-8657-85C76B4190F3}
		{78491FD2-784B-4364-8946-5E570AB8D021} = {8283AD31-67E7-4996-8657-85C76B4190F3}
		{E907D560-1EC3-47A4-9A27-BB6BB1E996C4} = {8283AD31-67E7-4996-8657-85C76B4190F3}
		{9A559779-B217-4FC4-BD86-6C168C1B5519} = {8283AD31-67E7-4996-8657-85C76B4190F3}
		{9998B87B-FD14-45CA-AE69-63A220B793D3} = {252BA063-CD88-455E-8A9C-85702E11D072}
		{B4D08AD0-9872-4B41-9571-C4A381F27576} = {252BA063-CD88-455E-8A9C-85702E11D072}
		{9F5014D7-891A-4F19-BB22-054386479B0F} = {B4D08AD0-9872-4B41-9571-C4A381F27576}
		{6F1E1DE1-FC5C-4CDF-B80F-F0EA5ABDF7F2} = {B4D08AD0-9872-4B41-9571-C4A381F27576}
		{3E61A3F6-D662-4C95-8212-40062F98B8C9} = {B4D08AD0-9872-4B41-9571-C4A381F27576}
		{D27F0DD4-EB89-476C-8F20-36834FCA95CA} = {B4D08AD0-9872-4B41-9571-C4A381F27576}
		{2AF25239-9CB9-4B0D-858F-9FAF39BDD354} = {9998B87B-FD14-45CA-AE69-63A220B793D3}
		{26132D34-9943-4591-A388-610CAF101DFB} = {9998B87B-FD14-45CA-AE69-63A220B793D3}
		{2BC9D7BB-195A-4FAF-B4D8-5CB156C1B597} = {9998B87B-FD14-45CA-AE69-63A220B793D3}
		{D2D28E5F-F83A-4757-BDB6-422B96BD6852} = {9998B87B-FD14-45CA-AE69-63A220B793D3}
		{D9DE02C7-4DA8-4BF1-B70D-81D05BB0897C} = {2C103154-4CB1-4DA9-A99C-3A2497B55C75}
		{77458B13-9C44-4907-92C1-434530175F2B} = {2C103154-4CB1-4DA9-A99C-3A2497B55C75}
		{CC1BEFBD-BDB1-432E-870F-87B46806A389} = {2C103154-4CB1-4DA9-A99C-3A2497B55C75}
		{47A73F34-8C6D-4F5F-9C0F-D52B9A7CB4E2} = {2C103154-4CB1-4DA9-A99C-3A2497B55C75}
		{6D91833C-2D72-4D0A-844B-A8EEDD3F6016} = {E4636B58-9BA0-48A4-9F0E-B9199B7D9672}
		{7A885EE6-DF59-4404-9559-BA5148875920} = {6D91833C-2D72-4D0A-844B-A8EEDD3F6016}
		{BE4368A7-45A3-47B4-990F-369359E838AE} = {6D91833C-2D72-4D0A-844B-A8EEDD3F6016}
		{DF81F6EA-CE39-4F78-ABD7-927A0CB3431C} = {6D91833C-2D72-4D0A-844B-A8EEDD3F6016}
		{2DF95DDE-3E81-4A4B-B158-1C77A428FC87} = {6D91833C-2D72-4D0A-844B-A8EEDD3F6016}
		{F05061A4-AB9E-4A8B-861C-A3DB8FBC46D9} = {FBDB2AE0-D0C5-4A51-84DC-03290C6FF25E}
	EndGlobalSection
	GlobalSection(ExtensibilityGlobals) = postSolution
		SolutionGuid = {A93A850D-1F7A-4BE9-AF10-3C2E4357F71F}
	EndGlobalSection
EndGlobal
